// !$*UTF8*$!
{
	archiveVersion = 1;
	classes = {
	};
	objectVersion = 77;
	objects = {

/* Begin PBXBuildFile section */
		9675879E2E33271900F7D136 /* FishtankStoreKit.storekit in Resources */ = {isa = PBXBuildFile; fileRef = 9675879D2E33271900F7D136 /* FishtankStoreKit.storekit */; };
		96B9F8C52E1B794B001FD949 /* Auth in Frameworks */ = {isa = PBXBuildFile; productRef = 96B9F8C42E1B794B001FD949 /* Auth */; };
		96B9F8C72E1B794B001FD949 /* Functions in Frameworks */ = {isa = PBXBuildFile; productRef = 96B9F8C62E1B794B001FD949 /* Functions */; };
		96B9F8C92E1B794B001FD949 /* PostgREST in Frameworks */ = {isa = PBXBuildFile; productRef = 96B9F8C82E1B794B001FD949 /* PostgREST */; };
		96B9F8CB2E1B794B001FD949 /* Realtime in Frameworks */ = {isa = PBXBuildFile; productRef = 96B9F8CA2E1B794B001FD949 /* Realtime */; };
		96B9F8CD2E1B794B001FD949 /* Storage in Frameworks */ = {isa = PBXBuildFile; productRef = 96B9F8CC2E1B794B001FD949 /* Storage */; };
		96B9F8CF2E1B794B001FD949 /* Supabase in Frameworks */ = {isa = PBXBuildFile; productRef = 96B9F8CE2E1B794B001FD949 /* Supabase */; };
/* End PBXBuildFile section */

/* Begin PBXContainerItemProxy section */
		96C2BF922E04094900B253A7 /* PBXContainerItemProxy */ = {
			isa = PBXContainerItemProxy;
			containerPortal = 96C2BF792E04094700B253A7 /* Project object */;
			proxyType = 1;
			remoteGlobalIDString = 96C2BF802E04094700B253A7;
			remoteInfo = Fishtank;
		};
		96C2BF9C2E04094900B253A7 /* PBXContainerItemProxy */ = {
			isa = PBXContainerItemProxy;
			containerPortal = 96C2BF792E04094700B253A7 /* Project object */;
			proxyType = 1;
			remoteGlobalIDString = 96C2BF802E04094700B253A7;
			remoteInfo = Fishtank;
		};
/* End PBXContainerItemProxy section */

/* Begin PBXFileReference section */
		9675879D2E33271900F7D136 /* FishtankStoreKit.storekit */ = {isa = PBXFileReference; lastKnownFileType = text; path = FishtankStoreKit.storekit; sourceTree = "<group>"; };
		96C2BF812E04094700B253A7 /* Fishtank.app */ = {isa = PBXFileReference; explicitFileType = wrapper.application; includeInIndex = 0; path = Fishtank.app; sourceTree = BUILT_PRODUCTS_DIR; };
		96C2BF912E04094900B253A7 /* FishtankTests.xctest */ = {isa = PBXFileReference; explicitFileType = wrapper.cfbundle; includeInIndex = 0; path = FishtankTests.xctest; sourceTree = BUILT_PRODUCTS_DIR; };
		96C2BF9B2E04094900B253A7 /* FishtankUITests.xctest */ = {isa = PBXFileReference; explicitFileType = wrapper.cfbundle; includeInIndex = 0; path = FishtankUITests.xctest; sourceTree = BUILT_PRODUCTS_DIR; };
/* End PBXFileReference section */

/* Begin PBXFileSystemSynchronizedBuildFileExceptionSet section */
		96CE2B912E14CC72008C7DB5 /* Exceptions for "Fishtank" folder in "Fishtank" target */ = {
			isa = PBXFileSystemSynchronizedBuildFileExceptionSet;
			membershipExceptions = (
				Info.plist,
			);
			target = 96C2BF802E04094700B253A7 /* Fishtank */;
		};
/* End PBXFileSystemSynchronizedBuildFileExceptionSet section */

/* Begin PBXFileSystemSynchronizedRootGroup section */
		96C2BF832E04094700B253A7 /* Fishtank */ = {
			isa = PBXFileSystemSynchronizedRootGroup;
			exceptions = (
				96CE2B912E14CC72008C7DB5 /* Exceptions for "Fishtank" folder in "Fishtank" target */,
			);
			path = Fishtank;
			sourceTree = "<group>";
		};
		96C2BF942E04094900B253A7 /* FishtankTests */ = {
			isa = PBXFileSystemSynchronizedRootGroup;
			exceptions = (
			);
			path = FishtankTests;
			sourceTree = "<group>";
		};
		96C2BF9E2E04094900B253A7 /* FishtankUITests */ = {
			isa = PBXFileSystemSynchronizedRootGroup;
			exceptions = (
			);
			path = FishtankUITests;
			sourceTree = "<group>";
		};
/* End PBXFileSystemSynchronizedRootGroup section */

/* Begin PBXFrameworksBuildPhase section */
		96C2BF7E2E04094700B253A7 /* Frameworks */ = {
			isa = PBXFrameworksBuildPhase;
			buildActionMask = 2147483647;
			files = (
				96B9F8C92E1B794B001FD949 /* PostgREST in Frameworks */,
				96B9F8C72E1B794B001FD949 /* Functions in Frameworks */,
				96B9F8CF2E1B794B001FD949 /* Supabase in Frameworks */,
				96B9F8C52E1B794B001FD949 /* Auth in Frameworks */,
				96B9F8CD2E1B794B001FD949 /* Storage in Frameworks */,
				96B9F8CB2E1B794B001FD949 /* Realtime in Frameworks */,
			);
			runOnlyForDeploymentPostprocessing = 0;
		};
		96C2BF8E2E04094900B253A7 /* Frameworks */ = {
			isa = PBXFrameworksBuildPhase;
			buildActionMask = 2147483647;
			files = (
			);
			runOnlyForDeploymentPostprocessing = 0;
		};
		96C2BF982E04094900B253A7 /* Frameworks */ = {
			isa = PBXFrameworksBuildPhase;
			buildActionMask = 2147483647;
			files = (
			);
			runOnlyForDeploymentPostprocessing = 0;
		};
/* End PBXFrameworksBuildPhase section */

/* Begin PBXGroup section */
		96C2BF782E04094700B253A7 = {
			isa = PBXGroup;
			children = (
				9675879D2E33271900F7D136 /* FishtankStoreKit.storekit */,
				96C2BF832E04094700B253A7 /* Fishtank */,
				96C2BF942E04094900B253A7 /* FishtankTests */,
				96C2BF9E2E04094900B253A7 /* FishtankUITests */,
				96C2BF822E04094700B253A7 /* Products */,
			);
			sourceTree = "<group>";
		};
		96C2BF822E04094700B253A7 /* Products */ = {
			isa = PBXGroup;
			children = (
				96C2BF812E04094700B253A7 /* Fishtank.app */,
				96C2BF912E04094900B253A7 /* FishtankTests.xctest */,
				96C2BF9B2E04094900B253A7 /* FishtankUITests.xctest */,
			);
			name = Products;
			sourceTree = "<group>";
		};
/* End PBXGroup section */

/* Begin PBXNativeTarget section */
		96C2BF802E04094700B253A7 /* Fishtank */ = {
			isa = PBXNativeTarget;
			buildConfigurationList = 96C2BFA52E04094900B253A7 /* Build configuration list for PBXNativeTarget "Fishtank" */;
			buildPhases = (
				96C2BF7D2E04094700B253A7 /* Sources */,
				96C2BF7E2E04094700B253A7 /* Frameworks */,
				96C2BF7F2E04094700B253A7 /* Resources */,
			);
			buildRules = (
			);
			dependencies = (
			);
			fileSystemSynchronizedGroups = (
				96C2BF832E04094700B253A7 /* Fishtank */,
			);
			name = Fishtank;
			productName = Fishtank;
			productReference = 96C2BF812E04094700B253A7 /* Fishtank.app */;
			productType = "com.apple.product-type.application";
		};
		96C2BF902E04094900B253A7 /* FishtankTests */ = {
			isa = PBXNativeTarget;
			buildConfigurationList = 96C2BFA82E04094900B253A7 /* Build configuration list for PBXNativeTarget "FishtankTests" */;
			buildPhases = (
				96C2BF8D2E04094900B253A7 /* Sources */,
				96C2BF8E2E04094900B253A7 /* Frameworks */,
				96C2BF8F2E04094900B253A7 /* Resources */,
			);
			buildRules = (
			);
			dependencies = (
				96C2BF932E04094900B253A7 /* PBXTargetDependency */,
			);
			fileSystemSynchronizedGroups = (
				96C2BF942E04094900B253A7 /* FishtankTests */,
			);
			name = FishtankTests;
			productName = FishtankTests;
			productReference = 96C2BF912E04094900B253A7 /* FishtankTests.xctest */;
			productType = "com.apple.product-type.bundle.unit-test";
		};
		96C2BF9A2E04094900B253A7 /* FishtankUITests */ = {
			isa = PBXNativeTarget;
			buildConfigurationList = 96C2BFAB2E04094900B253A7 /* Build configuration list for PBXNativeTarget "FishtankUITests" */;
			buildPhases = (
				96C2BF972E04094900B253A7 /* Sources */,
				96C2BF982E04094900B253A7 /* Frameworks */,
				96C2BF992E04094900B253A7 /* Resources */,
			);
			buildRules = (
			);
			dependencies = (
				96C2BF9D2E04094900B253A7 /* PBXTargetDependency */,
			);
			fileSystemSynchronizedGroups = (
				96C2BF9E2E04094900B253A7 /* FishtankUITests */,
			);
			name = FishtankUITests;
			productName = FishtankUITests;
			productReference = 96C2BF9B2E04094900B253A7 /* FishtankUITests.xctest */;
			productType = "com.apple.product-type.bundle.ui-testing";
		};
/* End PBXNativeTarget section */

/* Begin PBXProject section */
		96C2BF792E04094700B253A7 /* Project object */ = {
			isa = PBXProject;
			attributes = {
				BuildIndependentTargetsInParallel = 1;
				LastSwiftUpdateCheck = 1620;
				LastUpgradeCheck = 1620;
				TargetAttributes = {
					96C2BF802E04094700B253A7 = {
						CreatedOnToolsVersion = 16.2;
					};
					96C2BF902E04094900B253A7 = {
						CreatedOnToolsVersion = 16.2;
						TestTargetID = 96C2BF802E04094700B253A7;
					};
					96C2BF9A2E04094900B253A7 = {
						CreatedOnToolsVersion = 16.2;
						TestTargetID = 96C2BF802E04094700B253A7;
					};
				};
			};
			buildConfigurationList = 96C2BF7C2E04094700B253A7 /* Build configuration list for PBXProject "Fishtank" */;
			developmentRegion = en;
			hasScannedForEncodings = 0;
			knownRegions = (
				en,
				Base,
			);
			mainGroup = 96C2BF782E04094700B253A7;
			minimizedProjectReferenceProxies = 1;
			packageReferences = (
				96B9F8C32E1B794B001FD949 /* XCRemoteSwiftPackageReference "supabase-swift" */,
			);
			preferredProjectObjectVersion = 77;
			productRefGroup = 96C2BF822E04094700B253A7 /* Products */;
			projectDirPath = "";
			projectRoot = "";
			targets = (
				96C2BF802E04094700B253A7 /* Fishtank */,
				96C2BF902E04094900B253A7 /* FishtankTests */,
				96C2BF9A2E04094900B253A7 /* FishtankUITests */,
			);
		};
/* End PBXProject section */

/* Begin PBXResourcesBuildPhase section */
		96C2BF7F2E04094700B253A7 /* Resources */ = {
			isa = PBXResourcesBuildPhase;
			buildActionMask = 2147483647;
			files = (
				9675879E2E33271900F7D136 /* FishtankStoreKit.storekit in Resources */,
			);
			runOnlyForDeploymentPostprocessing = 0;
		};
		96C2BF8F2E04094900B253A7 /* Resources */ = {
			isa = PBXResourcesBuildPhase;
			buildActionMask = 2147483647;
			files = (
			);
			runOnlyForDeploymentPostprocessing = 0;
		};
		96C2BF992E04094900B253A7 /* Resources */ = {
			isa = PBXResourcesBuildPhase;
			buildActionMask = 2147483647;
			files = (
			);
			runOnlyForDeploymentPostprocessing = 0;
		};
/* End PBXResourcesBuildPhase section */

/* Begin PBXSourcesBuildPhase section */
		96C2BF7D2E04094700B253A7 /* Sources */ = {
			isa = PBXSourcesBuildPhase;
			buildActionMask = 2147483647;
			files = (
			);
			runOnlyForDeploymentPostprocessing = 0;
		};
		96C2BF8D2E04094900B253A7 /* Sources */ = {
			isa = PBXSourcesBuildPhase;
			buildActionMask = 2147483647;
			files = (
			);
			runOnlyForDeploymentPostprocessing = 0;
		};
		96C2BF972E04094900B253A7 /* Sources */ = {
			isa = PBXSourcesBuildPhase;
			buildActionMask = 2147483647;
			files = (
			);
			runOnlyForDeploymentPostprocessing = 0;
		};
/* End PBXSourcesBuildPhase section */

/* Begin PBXTargetDependency section */
		96C2BF932E04094900B253A7 /* PBXTargetDependency */ = {
			isa = PBXTargetDependency;
			target = 96C2BF802E04094700B253A7 /* Fishtank */;
			targetProxy = 96C2BF922E04094900B253A7 /* PBXContainerItemProxy */;
		};
		96C2BF9D2E04094900B253A7 /* PBXTargetDependency */ = {
			isa = PBXTargetDependency;
			target = 96C2BF802E04094700B253A7 /* Fishtank */;
			targetProxy = 96C2BF9C2E04094900B253A7 /* PBXContainerItemProxy */;
		};
/* End PBXTargetDependency section */

/* Begin XCBuildConfiguration section */
		96C2BFA32E04094900B253A7 /* Debug */ = {
			isa = XCBuildConfiguration;
			buildSettings = {
				ALWAYS_SEARCH_USER_PATHS = NO;
				ASSETCATALOG_COMPILER_GENERATE_SWIFT_ASSET_SYMBOL_EXTENSIONS = YES;
				CLANG_ANALYZER_NONNULL = YES;
				CLANG_ANALYZER_NUMBER_OBJECT_CONVERSION = YES_AGGRESSIVE;
				CLANG_CXX_LANGUAGE_STANDARD = "gnu++20";
				CLANG_ENABLE_MODULES = YES;
				CLANG_ENABLE_OBJC_ARC = YES;
				CLANG_ENABLE_OBJC_WEAK = YES;
				CLANG_WARN_BLOCK_CAPTURE_AUTORELEASING = YES;
				CLANG_WARN_BOOL_CONVERSION = YES;
				CLANG_WARN_COMMA = YES;
				CLANG_WARN_CONSTANT_CONVERSION = YES;
				CLANG_WARN_DEPRECATED_OBJC_IMPLEMENTATIONS = YES;
				CLANG_WARN_DIRECT_OBJC_ISA_USAGE = YES_ERROR;
				CLANG_WARN_DOCUMENTATION_COMMENTS = YES;
				CLANG_WARN_EMPTY_BODY = YES;
				CLANG_WARN_ENUM_CONVERSION = YES;
				CLANG_WARN_INFINITE_RECURSION = YES;
				CLANG_WARN_INT_CONVERSION = YES;
				CLANG_WARN_NON_LITERAL_NULL_CONVERSION = YES;
				CLANG_WARN_OBJC_IMPLICIT_RETAIN_SELF = YES;
				CLANG_WARN_OBJC_LITERAL_CONVERSION = YES;
				CLANG_WARN_OBJC_ROOT_CLASS = YES_ERROR;
				CLANG_WARN_QUOTED_INCLUDE_IN_FRAMEWORK_HEADER = YES;
				CLANG_WARN_RANGE_LOOP_ANALYSIS = YES;
				CLANG_WARN_STRICT_PROTOTYPES = YES;
				CLANG_WARN_SUSPICIOUS_MOVE = YES;
				CLANG_WARN_UNGUARDED_AVAILABILITY = YES_AGGRESSIVE;
				CLANG_WARN_UNREACHABLE_CODE = YES;
				CLANG_WARN__DUPLICATE_METHOD_MATCH = YES;
				COPY_PHASE_STRIP = NO;
				DEBUG_INFORMATION_FORMAT = dwarf;
				ENABLE_STRICT_OBJC_MSGSEND = YES;
				ENABLE_TESTABILITY = YES;
				ENABLE_USER_SCRIPT_SANDBOXING = YES;
				GCC_C_LANGUAGE_STANDARD = gnu17;
				GCC_DYNAMIC_NO_PIC = NO;
				GCC_NO_COMMON_BLOCKS = YES;
				GCC_OPTIMIZATION_LEVEL = 0;
				GCC_PREPROCESSOR_DEFINITIONS = (
					"DEBUG=1",
					"$(inherited)",
				);
				GCC_WARN_64_TO_32_BIT_CONVERSION = YES;
				GCC_WARN_ABOUT_RETURN_TYPE = YES_ERROR;
				GCC_WARN_UNDECLARED_SELECTOR = YES;
				GCC_WARN_UNINITIALIZED_AUTOS = YES_AGGRESSIVE;
				GCC_WARN_UNUSED_FUNCTION = YES;
				GCC_WARN_UNUSED_VARIABLE = YES;
				GENERATE_INFOPLIST_FILE = YES;
				IPHONEOS_DEPLOYMENT_TARGET = 18.2;
				LOCALIZATION_PREFERS_STRING_CATALOGS = YES;
				MTL_ENABLE_DEBUG_INFO = INCLUDE_SOURCE;
				MTL_FAST_MATH = YES;
				ONLY_ACTIVE_ARCH = YES;
				SDKROOT = iphoneos;
				SWIFT_ACTIVE_COMPILATION_CONDITIONS = "DEBUG $(inherited)";
				SWIFT_OPTIMIZATION_LEVEL = "-Onone";
			};
			name = Debug;
		};
		96C2BFA42E04094900B253A7 /* Release */ = {
			isa = XCBuildConfiguration;
			buildSettings = {
				ALWAYS_SEARCH_USER_PATHS = NO;
				ASSETCATALOG_COMPILER_GENERATE_SWIFT_ASSET_SYMBOL_EXTENSIONS = YES;
				CLANG_ANALYZER_NONNULL = YES;
				CLANG_ANALYZER_NUMBER_OBJECT_CONVERSION = YES_AGGRESSIVE;
				CLANG_CXX_LANGUAGE_STANDARD = "gnu++20";
				CLANG_ENABLE_MODULES = YES;
				CLANG_ENABLE_OBJC_ARC = YES;
				CLANG_ENABLE_OBJC_WEAK = YES;
				CLANG_WARN_BLOCK_CAPTURE_AUTORELEASING = YES;
				CLANG_WARN_BOOL_CONVERSION = YES;
				CLANG_WARN_COMMA = YES;
				CLANG_WARN_CONSTANT_CONVERSION = YES;
				CLANG_WARN_DEPRECATED_OBJC_IMPLEMENTATIONS = YES;
				CLANG_WARN_DIRECT_OBJC_ISA_USAGE = YES_ERROR;
				CLANG_WARN_DOCUMENTATION_COMMENTS = YES;
				CLANG_WARN_EMPTY_BODY = YES;
				CLANG_WARN_ENUM_CONVERSION = YES;
				CLANG_WARN_INFINITE_RECURSION = YES;
				CLANG_WARN_INT_CONVERSION = YES;
				CLANG_WARN_NON_LITERAL_NULL_CONVERSION = YES;
				CLANG_WARN_OBJC_IMPLICIT_RETAIN_SELF = YES;
				CLANG_WARN_OBJC_LITERAL_CONVERSION = YES;
				CLANG_WARN_OBJC_ROOT_CLASS = YES_ERROR;
				CLANG_WARN_QUOTED_INCLUDE_IN_FRAMEWORK_HEADER = YES;
				CLANG_WARN_RANGE_LOOP_ANALYSIS = YES;
				CLANG_WARN_STRICT_PROTOTYPES = YES;
				CLANG_WARN_SUSPICIOUS_MOVE = YES;
				CLANG_WARN_UNGUARDED_AVAILABILITY = YES_AGGRESSIVE;
				CLANG_WARN_UNREACHABLE_CODE = YES;
				CLANG_WARN__DUPLICATE_METHOD_MATCH = YES;
				COPY_PHASE_STRIP = NO;
				DEBUG_INFORMATION_FORMAT = "dwarf-with-dsym";
				ENABLE_NS_ASSERTIONS = NO;
				ENABLE_STRICT_OBJC_MSGSEND = YES;
				ENABLE_USER_SCRIPT_SANDBOXING = YES;
				GCC_C_LANGUAGE_STANDARD = gnu17;
				GCC_NO_COMMON_BLOCKS = YES;
				GCC_WARN_64_TO_32_BIT_CONVERSION = YES;
				GCC_WARN_ABOUT_RETURN_TYPE = YES_ERROR;
				GCC_WARN_UNDECLARED_SELECTOR = YES;
				GCC_WARN_UNINITIALIZED_AUTOS = YES_AGGRESSIVE;
				GCC_WARN_UNUSED_FUNCTION = YES;
				GCC_WARN_UNUSED_VARIABLE = YES;
				GENERATE_INFOPLIST_FILE = YES;
				IPHONEOS_DEPLOYMENT_TARGET = 18.2;
				LOCALIZATION_PREFERS_STRING_CATALOGS = YES;
				MTL_ENABLE_DEBUG_INFO = NO;
				MTL_FAST_MATH = YES;
				SDKROOT = iphoneos;
				SWIFT_COMPILATION_MODE = wholemodule;
				VALIDATE_PRODUCT = YES;
			};
			name = Release;
		};
		96C2BFA62E04094900B253A7 /* Debug */ = {
			isa = XCBuildConfiguration;
			buildSettings = {
				ASSETCATALOG_COMPILER_APPICON_NAME = AppIcon;
				ASSETCATALOG_COMPILER_GLOBAL_ACCENT_COLOR_NAME = AccentColor;
				CODE_SIGN_ENTITLEMENTS = Fishtank/Fishtank.entitlements;
				CODE_SIGN_IDENTITY = "Apple Distribution";
				CODE_SIGN_STYLE = Manual;
				CURRENT_PROJECT_VERSION = 71;
				DEVELOPMENT_ASSET_PATHS = "\"Fishtank/Preview Content\"";
				DEVELOPMENT_TEAM = JAT3GYBPJ4;
				ENABLE_PREVIEWS = YES;
				GENERATE_INFOPLIST_FILE = YES;
				INFOPLIST_FILE = Fishtank/Info.plist;
				INFOPLIST_KEY_CFBundleDisplayName = Fishtank;
				INFOPLIST_KEY_LSApplicationCategoryType = "public.app-category.productivity";
				INFOPLIST_KEY_UIApplicationSceneManifest_Generation = YES;
				INFOPLIST_KEY_UIApplicationSupportsIndirectInputEvents = YES;
				INFOPLIST_KEY_UILaunchScreen_Generation = YES;
				INFOPLIST_KEY_UILaunchStoryboardName = LaunchScreen.storyboard;
				INFOPLIST_KEY_UISupportedInterfaceOrientations = "UIInterfaceOrientationLandscapeLeft UIInterfaceOrientationLandscapeRight UIInterfaceOrientationPortrait UIInterfaceOrientationPortraitUpsideDown";
				INFOPLIST_KEY_UIUserInterfaceStyle = Dark;
				LD_RUNPATH_SEARCH_PATHS = (
					"$(inherited)",
					"@executable_path/Frameworks",
				);
				MARKETING_VERSION = 1.0.3;
				PRODUCT_BUNDLE_IDENTIFIER = dev.jasonzhang.Fishtank;
				PRODUCT_NAME = "$(TARGET_NAME)";
				PROVISIONING_PROFILE_SPECIFIER = "match AppStore dev.jasonzhang.Fishtank";
				SUPPORTED_PLATFORMS = "iphoneos iphonesimulator";
				SUPPORTS_MACCATALYST = NO;
				SUPPORTS_MAC_DESIGNED_FOR_IPHONE_IPAD = NO;
				SUPPORTS_XR_DESIGNED_FOR_IPHONE_IPAD = NO;
				SWIFT_EMIT_LOC_STRINGS = YES;
				SWIFT_VERSION = 5.0;
				TARGETED_DEVICE_FAMILY = "1,2";
			};
			name = Debug;
		};
		96C2BFA72E04094900B253A7 /* Release */ = {
			isa = XCBuildConfiguration;
			buildSettings = {
				ASSETCATALOG_COMPILER_APPICON_NAME = AppIcon;
				ASSETCATALOG_COMPILER_GLOBAL_ACCENT_COLOR_NAME = AccentColor;
				CODE_SIGN_ENTITLEMENTS = Fishtank/Fishtank.entitlements;
				CODE_SIGN_IDENTITY = "Apple Distribution";
				CODE_SIGN_STYLE = Manual;
				CURRENT_PROJECT_VERSION = 71;
				DEVELOPMENT_ASSET_PATHS = "\"Fishtank/Preview Content\"";
				DEVELOPMENT_TEAM = JAT3GYBPJ4;
				ENABLE_PREVIEWS = YES;
				GENERATE_INFOPLIST_FILE = YES;
				INFOPLIST_FILE = Fishtank/Info.plist;
				INFOPLIST_KEY_CFBundleDisplayName = Fishtank;
				INFOPLIST_KEY_LSApplicationCategoryType = "public.app-category.productivity";
				INFOPLIST_KEY_UIApplicationSceneManifest_Generation = YES;
				INFOPLIST_KEY_UIApplicationSupportsIndirectInputEvents = YES;
				INFOPLIST_KEY_UILaunchScreen_Generation = YES;
				INFOPLIST_KEY_UILaunchStoryboardName = LaunchScreen.storyboard;
				INFOPLIST_KEY_UISupportedInterfaceOrientations = "UIInterfaceOrientationLandscapeLeft UIInterfaceOrientationLandscapeRight UIInterfaceOrientationPortrait UIInterfaceOrientationPortraitUpsideDown";
				INFOPLIST_KEY_UIUserInterfaceStyle = Dark;
				LD_RUNPATH_SEARCH_PATHS = (
					"$(inherited)",
					"@executable_path/Frameworks",
				);
				MARKETING_VERSION = 1.0.3;
				PRODUCT_BUNDLE_IDENTIFIER = dev.jasonzhang.Fishtank;
				PRODUCT_NAME = "$(TARGET_NAME)";
				PROVISIONING_PROFILE_SPECIFIER = "match AppStore dev.jasonzhang.Fishtank";
				SUPPORTED_PLATFORMS = "iphoneos iphonesimulator";
				SUPPORTS_MACCATALYST = NO;
				SUPPORTS_MAC_DESIGNED_FOR_IPHONE_IPAD = NO;
				SUPPORTS_XR_DESIGNED_FOR_IPHONE_IPAD = NO;
				SWIFT_EMIT_LOC_STRINGS = YES;
				SWIFT_VERSION = 5.0;
				TARGETED_DEVICE_FAMILY = "1,2";
			};
			name = Release;
		};
		96C2BFA92E04094900B253A7 /* Debug */ = {
			isa = XCBuildConfiguration;
			buildSettings = {
				BUNDLE_LOADER = "$(TEST_HOST)";
				CODE_SIGN_IDENTITY = "Apple Distribution";
				CODE_SIGN_STYLE = Manual;
				CURRENT_PROJECT_VERSION = 71;
				DEVELOPMENT_TEAM = JAT3GYBPJ4;
				GENERATE_INFOPLIST_FILE = YES;
				IPHONEOS_DEPLOYMENT_TARGET = 18.2;
				MARKETING_VERSION = 1.0;
				PRODUCT_BUNDLE_IDENTIFIER = dev.jasonzhang.FishtankTests;
				PRODUCT_NAME = "$(TARGET_NAME)";
				PROVISIONING_PROFILE_SPECIFIER = "match AppStore dev.jasonzhang.Fishtank";
				SWIFT_EMIT_LOC_STRINGS = NO;
				SWIFT_VERSION = 5.0;
				TARGETED_DEVICE_FAMILY = "1,2";
				TEST_HOST = "$(BUILT_PRODUCTS_DIR)/Fishtank.app/$(BUNDLE_EXECUTABLE_FOLDER_PATH)/Fishtank";
			};
			name = Debug;
		};
		96C2BFAA2E04094900B253A7 /* Release */ = {
			isa = XCBuildConfiguration;
			buildSettings = {
				BUNDLE_LOADER = "$(TEST_HOST)";
				CODE_SIGN_IDENTITY = "Apple Distribution";
				CODE_SIGN_STYLE = Manual;
				CURRENT_PROJECT_VERSION = 71;
				DEVELOPMENT_TEAM = JAT3GYBPJ4;
				GENERATE_INFOPLIST_FILE = YES;
				IPHONEOS_DEPLOYMENT_TARGET = 18.2;
				MARKETING_VERSION = 1.0;
				PRODUCT_BUNDLE_IDENTIFIER = dev.jasonzhang.FishtankTests;
				PRODUCT_NAME = "$(TARGET_NAME)";
				PROVISIONING_PROFILE_SPECIFIER = "match AppStore dev.jasonzhang.Fishtank";
				SWIFT_EMIT_LOC_STRINGS = NO;
				SWIFT_VERSION = 5.0;
				TARGETED_DEVICE_FAMILY = "1,2";
				TEST_HOST = "$(BUILT_PRODUCTS_DIR)/Fishtank.app/$(BUNDLE_EXECUTABLE_FOLDER_PATH)/Fishtank";
			};
			name = Release;
		};
		96C2BFAC2E04094900B253A7 /* Debug */ = {
			isa = XCBuildConfiguration;
			buildSettings = {
				CODE_SIGN_IDENTITY = "Apple Distribution";
				CODE_SIGN_STYLE = Manual;
				CURRENT_PROJECT_VERSION = 71;
				DEVELOPMENT_TEAM = JAT3GYBPJ4;
				GENERATE_INFOPLIST_FILE = YES;
				MARKETING_VERSION = 1.0;
				PRODUCT_BUNDLE_IDENTIFIER = dev.jasonzhang.FishtankUITests;
				PRODUCT_NAME = "$(TARGET_NAME)";
				PROVISIONING_PROFILE_SPECIFIER = "match AppStore dev.jasonzhang.Fishtank";
				SWIFT_EMIT_LOC_STRINGS = NO;
				SWIFT_VERSION = 5.0;
				TARGETED_DEVICE_FAMILY = "1,2";
				TEST_TARGET_NAME = Fishtank;
			};
			name = Debug;
		};
		96C2BFAD2E04094900B253A7 /* Release */ = {
			isa = XCBuildConfiguration;
			buildSettings = {
				CODE_SIGN_IDENTITY = "Apple Distribution";
				CODE_SIGN_STYLE = Manual;
				CURRENT_PROJECT_VERSION = 71;
				DEVELOPMENT_TEAM = JAT3GYBPJ4;
				GENERATE_INFOPLIST_FILE = YES;
				MARKETING_VERSION = 1.0;
				PRODUCT_BUNDLE_IDENTIFIER = dev.jasonzhang.FishtankUITests;
				PRODUCT_NAME = "$(TARGET_NAME)";
				PROVISIONING_PROFILE_SPECIFIER = "match AppStore dev.jasonzhang.Fishtank";
				SWIFT_EMIT_LOC_STRINGS = NO;
				SWIFT_VERSION = 5.0;
				TARGETED_DEVICE_FAMILY = "1,2";
				TEST_TARGET_NAME = Fishtank;
			};
			name = Release;
		};
/* End XCBuildConfiguration section */

/* Begin XCConfigurationList section */
		96C2BF7C2E04094700B253A7 /* Build configuration list for PBXProject "Fishtank" */ = {
			isa = XCConfigurationList;
			buildConfigurations = (
				96C2BFA32E04094900B253A7 /* Debug */,
				96C2BFA42E04094900B253A7 /* Release */,
			);
			defaultConfigurationIsVisible = 0;
			defaultConfigurationName = Release;
		};
		96C2BFA52E04094900B253A7 /* Build configuration list for PBXNativeTarget "Fishtank" */ = {
			isa = XCConfigurationList;
			buildConfigurations = (
				96C2BFA62E04094900B253A7 /* Debug */,
				96C2BFA72E04094900B253A7 /* Release */,
			);
			defaultConfigurationIsVisible = 0;
			defaultConfigurationName = Release;
		};
		96C2BFA82E04094900B253A7 /* Build configuration list for PBXNativeTarget "FishtankTests" */ = {
			isa = XCConfigurationList;
			buildConfigurations = (
				96C2BFA92E04094900B253A7 /* Debug */,
				96C2BFAA2E04094900B253A7 /* Release */,
			);
			defaultConfigurationIsVisible = 0;
			defaultConfigurationName = Release;
		};
		96C2BFAB2E04094900B253A7 /* Build configuration list for PBXNativeTarget "FishtankUITests" */ = {
			isa = XCConfigurationList;
			buildConfigurations = (
				96C2BFAC2E04094900B253A7 /* Debug */,
				96C2BFAD2E04094900B253A7 /* Release */,
			);
			defaultConfigurationIsVisible = 0;
			defaultConfigurationName = Release;
		};
/* End XCConfigurationList section */

/* Begin XCRemoteSwiftPackageReference section */
		96B9F8C32E1B794B001FD949 /* XCRemoteSwiftPackageReference "supabase-swift" */ = {
			isa = XCRemoteSwiftPackageReference;
			repositoryURL = "https://github.com/supabase/supabase-swift.git";
			requirement = {
				kind = upToNextMajorVersion;
				minimumVersion = 2.5.1;
			};
		};
/* End XCRemoteSwiftPackageReference section */

/* Begin XCSwiftPackageProductDependency section */
		96B9F8C42E1B794B001FD949 /* Auth */ = {
			isa = XCSwiftPackageProductDependency;
			package = 96B9F8C32E1B794B001FD949 /* XCRemoteSwiftPackageReference "supabase-swift" */;
			productName = Auth;
		};
		96B9F8C62E1B794B001FD949 /* Functions */ = {
			isa = XCSwiftPackageProductDependency;
			package = 96B9F8C32E1B794B001FD949 /* XCRemoteSwiftPackageReference "supabase-swift" */;
			productName = Functions;
		};
		96B9F8C82E1B794B001FD949 /* PostgREST */ = {
			isa = XCSwiftPackageProductDependency;
			package = 96B9F8C32E1B794B001FD949 /* XCRemoteSwiftPackageReference "supabase-swift" */;
			productName = PostgREST;
		};
		96B9F8CA2E1B794B001FD949 /* Realtime */ = {
			isa = XCSwiftPackageProductDependency;
			package = 96B9F8C32E1B794B001FD949 /* XCRemoteSwiftPackageReference "supabase-swift" */;
			productName = Realtime;
		};
		96B9F8CC2E1B794B001FD949 /* Storage */ = {
			isa = XCSwiftPackageProductDependency;
			package = 96B9F8C32E1B794B001FD949 /* XCRemoteSwiftPackageReference "supabase-swift" */;
			productName = Storage;
		};
		96B9F8CE2E1B794B001FD949 /* Supabase */ = {
			isa = XCSwiftPackageProductDependency;
			package = 96B9F8C32E1B794B001FD949 /* XCRemoteSwiftPackageReference "supabase-swift" */;
			productName = Supabase;
		};
/* End XCSwiftPackageProductDependency section */
	};
	rootObject = 96C2BF792E04094700B253A7 /* Project object */;
}
